
Microsoft Visual Studio Solution File, Format Version 12.00
Project("{FAE04EC0-301F-11D3-BF4B-00C04F79EFBC}") = "Colorama.api", "Colorama.api\Colorama.api.csproj", "{98BD3BBF-B74A-4E3C-9A41-7E98739E8B79}"
EndProject
Project("{2150E333-8FDC-42A3-9474-1A3956D46DE8}") = "src", "src", "{9D980AC6-AB66-4193-8F54-74F906C89657}"
EndProject
Project("{2150E333-8FDC-42A3-9474-1A3956D46DE8}") = "tests", "tests", "{6404CDBE-E3E6-495C-96B2-B1E8BAF680A7}"
EndProject
Project("{FAE04EC0-301F-11D3-BF4B-00C04F79EFBC}") = "Colorama.Infra", "Colorama.Infra\Colorama.Infra.csproj", "{34FB8039-AC4B-42F3-8C02-17E22E730481}"
EndProject
Project("{FAE04EC0-301F-11D3-BF4B-00C04F79EFBC}") = "Colorama.Application", "Colorama.Application\Colorama.Application.csproj", "{56BE103E-22FE-4FFA-AEDB-71B7166FA5A9}"
EndProject
Project("{FAE04EC0-301F-11D3-BF4B-00C04F79EFBC}") = "Colorama.Domain", "Colorama.Domain\Colorama.Domain.csproj", "{D7265810-35AF-40DD-BA09-00BAAD96A713}"
EndProject
Project("{FAE04EC0-301F-11D3-BF4B-00C04F79EFBC}") = "Colorama.Core", "Colorama.Core\Colorama.Core.csproj", "{F0C3B91E-189D-4EB0-9E5E-9BACA90F8BF6}"
EndProject
Global
	GlobalSection(SolutionConfigurationPlatforms) = preSolution
		Debug|Any CPU = Debug|Any CPU
		Release|Any CPU = Release|Any CPU
	EndGlobalSection
	GlobalSection(ProjectConfigurationPlatforms) = postSolution
		{98BD3BBF-B74A-4E3C-9A41-7E98739E8B79}.Debug|Any CPU.ActiveCfg = Debug|Any CPU
		{98BD3BBF-B74A-4E3C-9A41-7E98739E8B79}.Debug|Any CPU.Build.0 = Debug|Any CPU
		{98BD3BBF-B74A-4E3C-9A41-7E98739E8B79}.Release|Any CPU.ActiveCfg = Release|Any CPU
		{98BD3BBF-B74A-4E3C-9A41-7E98739E8B79}.Release|Any CPU.Build.0 = Release|Any CPU
		{34FB8039-AC4B-42F3-8C02-17E22E730481}.Debug|Any CPU.ActiveCfg = Debug|Any CPU
		{34FB8039-AC4B-42F3-8C02-17E22E730481}.Debug|Any CPU.Build.0 = Debug|Any CPU
		{34FB8039-AC4B-42F3-8C02-17E22E730481}.Release|Any CPU.ActiveCfg = Release|Any CPU
		{34FB8039-AC4B-42F3-8C02-17E22E730481}.Release|Any CPU.Build.0 = Release|Any CPU
		{56BE103E-22FE-4FFA-AEDB-71B7166FA5A9}.Debug|Any CPU.ActiveCfg = Debug|Any CPU
		{56BE103E-22FE-4FFA-AEDB-71B7166FA5A9}.Debug|Any CPU.Build.0 = Debug|Any CPU
		{56BE103E-22FE-4FFA-AEDB-71B7166FA5A9}.Release|Any CPU.ActiveCfg = Release|Any CPU
		{56BE103E-22FE-4FFA-AEDB-71B7166FA5A9}.Release|Any CPU.Build.0 = Release|Any CPU
		{D7265810-35AF-40DD-BA09-00BAAD96A713}.Debug|Any CPU.ActiveCfg = Debug|Any CPU
		{D7265810-35AF-40DD-BA09-00BAAD96A713}.Debug|Any CPU.Build.0 = Debug|Any CPU
		{D7265810-35AF-40DD-BA09-00BAAD96A713}.Release|Any CPU.ActiveCfg = Release|Any CPU
		{D7265810-35AF-40DD-BA09-00BAAD96A713}.Release|Any CPU.Build.0 = Release|Any CPU
		{F0C3B91E-189D-4EB0-9E5E-9BACA90F8BF6}.Debug|Any CPU.ActiveCfg = Debug|Any CPU
		{F0C3B91E-189D-4EB0-9E5E-9BACA90F8BF6}.Debug|Any CPU.Build.0 = Debug|Any CPU
		{F0C3B91E-189D-4EB0-9E5E-9BACA90F8BF6}.Release|Any CPU.ActiveCfg = Release|Any CPU
		{F0C3B91E-189D-4EB0-9E5E-9BACA90F8BF6}.Release|Any CPU.Build.0 = Release|Any CPU
	EndGlobalSection
	GlobalSection(NestedProjects) = preSolution
		{98BD3BBF-B74A-4E3C-9A41-7E98739E8B79} = {9D980AC6-AB66-4193-8F54-74F906C89657}
		{34FB8039-AC4B-42F3-8C02-17E22E730481} = {9D980AC6-AB66-4193-8F54-74F906C89657}
		{56BE103E-22FE-4FFA-AEDB-71B7166FA5A9} = {9D980AC6-AB66-4193-8F54-74F906C89657}
		{D7265810-35AF-40DD-BA09-00BAAD96A713} = {9D980AC6-AB66-4193-8F54-74F906C89657}
		{F0C3B91E-189D-4EB0-9E5E-9BACA90F8BF6} = {9D980AC6-AB66-4193-8F54-74F906C89657}
	EndGlobalSection
EndGlobal
